
Microsoft Visual Studio Solution File, Format Version 12.00
# Visual Studio Version 16
VisualStudioVersion = 16.0.29926.136
MinimumVisualStudioVersion = 10.0.40219.1
Project("{FAE04EC0-301F-11D3-BF4B-00C04F79EFBC}") = "StudentsWebApp", "StudentsWebApp\StudentsWebApp.csproj", "{202DFAD9-B652-4CC2-A76D-98284AFB7DBD}"
EndProject
Project("{FAE04EC0-301F-11D3-BF4B-00C04F79EFBC}") = "StudentsWebApp.Tests", "StudentsWebApp.Tests\StudentsWebApp.Tests.csproj", "{4E8BEFCF-766D-463F-B0D1-1881B44C597F}"
EndProject
Project("{FAE04EC0-301F-11D3-BF4B-00C04F79EFBC}") = "DAL", "DAL\DAL.csproj", "{110B04F7-5716-45BA-9570-F4786DC892C2}"
EndProject
Global
	GlobalSection(SolutionConfigurationPlatforms) = preSolution
		Debug|Any CPU = Debug|Any CPU
		Release|Any CPU = Release|Any CPU
	EndGlobalSection
	GlobalSection(ProjectConfigurationPlatforms) = postSolution
		{202DFAD9-B652-4CC2-A76D-98284AFB7DBD}.Debug|Any CPU.ActiveCfg = Debug|Any CPU
		{202DFAD9-B652-4CC2-A76D-98284AFB7DBD}.Debug|Any CPU.Build.0 = Debug|Any CPU
		{202DFAD9-B652-4CC2-A76D-98284AFB7DBD}.Release|Any CPU.ActiveCfg = Release|Any CPU
		{202DFAD9-B652-4CC2-A76D-98284AFB7DBD}.Release|Any CPU.Build.0 = Release|Any CPU
		{4E8BEFCF-766D-463F-B0D1-1881B44C597F}.Debug|Any CPU.ActiveCfg = Debug|Any CPU
		{4E8BEFCF-766D-463F-B0D1-1881B44C597F}.Debug|Any CPU.Build.0 = Debug|Any CPU
		{4E8BEFCF-766D-463F-B0D1-1881B44C597F}.Release|Any CPU.ActiveCfg = Release|Any CPU
		{4E8BEFCF-766D-463F-B0D1-1881B44C597F}.Release|Any CPU.Build.0 = Release|Any CPU
		{110B04F7-5716-45BA-9570-F4786DC892C2}.Debug|Any CPU.ActiveCfg = Debug|Any CPU
		{110B04F7-5716-45BA-9570-F4786DC892C2}.Debug|Any CPU.Build.0 = Debug|Any CPU
		{110B04F7-5716-45BA-9570-F4786DC892C2}.Release|Any CPU.ActiveCfg = Release|Any CPU
		{110B04F7-5716-45BA-9570-F4786DC892C2}.Release|Any CPU.Build.0 = Release|Any CPU
	EndGlobalSection
	GlobalSection(SolutionProperties) = preSolution
		HideSolutionNode = FALSE
	EndGlobalSection
	GlobalSection(ExtensibilityGlobals) = postSolution
		SolutionGuid = {EDC13685-DB95-4470-B548-A0ECB6EAEBD4}
	EndGlobalSection
EndGlobal
